
Microsoft Visual Studio Solution File, Format Version 12.00
# Visual Studio Version 16
VisualStudioVersion = 16.0.810.25
MinimumVisualStudioVersion = 10.0.40219.1
Project("{FAE04EC0-301F-11D3-BF4B-00C04F79EFBC}") = "BaseIdentity.PresentationLayer", "BaseIdentity.PresentationLayer\BaseIdentity.PresentationLayer.csproj", "{BB3A1C59-4C89-4CC4-BDAE-6F41F7FD63C7}"
EndProject
Project("{FAE04EC0-301F-11D3-BF4B-00C04F79EFBC}") = "BaseIdentity.DataAccessLayer", "BaseIdentity.DataAccessLayer\BaseIdentity.DataAccessLayer.csproj", "{F47A309F-7410-400A-9E20-05FC79857B44}"
EndProject
Project("{FAE04EC0-301F-11D3-BF4B-00C04F79EFBC}") = "BaseIdentity.EntityLayer", "BaseIdentity.EntityLayer\BaseIdentity.EntityLayer.csproj", "{13E35E84-C714-4E4B-A00C-39664B23F01C}"
EndProject
Project("{FAE04EC0-301F-11D3-BF4B-00C04F79EFBC}") = "BaseIdentity.BusinessLayer", "BaseIdentity.BusinessLayer\BaseIdentity.BusinessLayer.csproj", "{36D68E3C-87B6-43A6-8C97-9794904DCE69}"
EndProject
Global
	GlobalSection(SolutionConfigurationPlatforms) = preSolution
		Debug|Any CPU = Debug|Any CPU
		Release|Any CPU = Release|Any CPU
	EndGlobalSection
	GlobalSection(ProjectConfigurationPlatforms) = postSolution
		{BB3A1C59-4C89-4CC4-BDAE-6F41F7FD63C7}.Debug|Any CPU.ActiveCfg = Debug|Any CPU
		{BB3A1C59-4C89-4CC4-BDAE-6F41F7FD63C7}.Debug|Any CPU.Build.0 = Debug|Any CPU
		{BB3A1C59-4C89-4CC4-BDAE-6F41F7FD63C7}.Release|Any CPU.ActiveCfg = Release|Any CPU
		{BB3A1C59-4C89-4CC4-BDAE-6F41F7FD63C7}.Release|Any CPU.Build.0 = Release|Any CPU
		{F47A309F-7410-400A-9E20-05FC79857B44}.Debug|Any CPU.ActiveCfg = Debug|Any CPU
		{F47A309F-7410-400A-9E20-05FC79857B44}.Debug|Any CPU.Build.0 = Debug|Any CPU
		{F47A309F-7410-400A-9E20-05FC79857B44}.Release|Any CPU.ActiveCfg = Release|Any CPU
		{F47A309F-7410-400A-9E20-05FC79857B44}.Release|Any CPU.Build.0 = Release|Any CPU
		{13E35E84-C714-4E4B-A00C-39664B23F01C}.Debug|Any CPU.ActiveCfg = Debug|Any CPU
		{13E35E84-C714-4E4B-A00C-39664B23F01C}.Debug|Any CPU.Build.0 = Debug|Any CPU
		{13E35E84-C714-4E4B-A00C-39664B23F01C}.Release|Any CPU.ActiveCfg = Release|Any CPU
		{13E35E84-C714-4E4B-A00C-39664B23F01C}.Release|Any CPU.Build.0 = Release|Any CPU
		{36D68E3C-87B6-43A6-8C97-9794904DCE69}.Debug|Any CPU.ActiveCfg = Debug|Any CPU
		{36D68E3C-87B6-43A6-8C97-9794904DCE69}.Debug|Any CPU.Build.0 = Debug|Any CPU
		{36D68E3C-87B6-43A6-8C97-9794904DCE69}.Release|Any CPU.ActiveCfg = Release|Any CPU
		{36D68E3C-87B6-43A6-8C97-9794904DCE69}.Release|Any CPU.Build.0 = Release|Any CPU
	EndGlobalSection
	GlobalSection(SolutionProperties) = preSolution
		HideSolutionNode = FALSE
	EndGlobalSection
	GlobalSection(ExtensibilityGlobals) = postSolution
		SolutionGuid = {6270B2BE-D9B7-4CF8-BCD6-FAAE20D04005}
	EndGlobalSection
EndGlobal
